
Microsoft Visual Studio Solution File, Format Version 12.00
# Visual Studio Version 17
VisualStudioVersion = 17.14.36414.22 d17.14
MinimumVisualStudioVersion = 10.0.40219.1
Project("{FAE04EC0-301F-11D3-BF4B-00C04F79EFBC}") = "DigitalMenu", "DigitalMenu\DigitalMenu.csproj", "{3106B224-E18C-4026-90BF-4FBD74702FCE}"
EndProject
Global
	GlobalSection(SolutionConfigurationPlatforms) = preSolution
		Debug|Any CPU = Debug|Any CPU
		Release|Any CPU = Release|Any CPU
	EndGlobalSection
	GlobalSection(ProjectConfigurationPlatforms) = postSolution
		{3106B224-E18C-4026-90BF-4FBD74702FCE}.Debug|Any CPU.ActiveCfg = Debug|Any CPU
		{3106B224-E18C-4026-90BF-4FBD74702FCE}.Debug|Any CPU.Build.0 = Debug|Any CPU
		{3106B224-E18C-4026-90BF-4FBD74702FCE}.Release|Any CPU.ActiveCfg = Release|Any CPU
		{3106B224-E18C-4026-90BF-4FBD74702FCE}.Release|Any CPU.Build.0 = Release|Any CPU
	EndGlobalSection
	GlobalSection(SolutionProperties) = preSolution
		HideSolutionNode = FALSE
	EndGlobalSection
	GlobalSection(ExtensibilityGlobals) = postSolution
		SolutionGuid = {9B09C0C4-EBE3-45FB-9126-5574B3206C0D}
	EndGlobalSection
EndGlobal
